
Microsoft Visual Studio Solution File, Format Version 12.00
# Visual Studio Version 16
VisualStudioVersion = 16.0.30804.86
MinimumVisualStudioVersion = 10.0.40219.1
Project("{FAE04EC0-301F-11D3-BF4B-00C04F79EFBC}") = "Cursed.Reactor", "Cursed.Reactor\Cursed.Reactor.csproj", "{778D3E02-6C72-4A35-AA7A-9B29264725AA}"
EndProject
Global
	GlobalSection(SolutionConfigurationPlatforms) = preSolution
		Debug|Any CPU = Debug|Any CPU
		Release|Any CPU = Release|Any CPU
	EndGlobalSection
	GlobalSection(ProjectConfigurationPlatforms) = postSolution
		{778D3E02-6C72-4A35-AA7A-9B29264725AA}.Debug|Any CPU.ActiveCfg = Debug|Any CPU
		{778D3E02-6C72-4A35-AA7A-9B29264725AA}.Debug|Any CPU.Build.0 = Debug|Any CPU
		{778D3E02-6C72-4A35-AA7A-9B29264725AA}.Release|Any CPU.ActiveCfg = Release|Any CPU
		{778D3E02-6C72-4A35-AA7A-9B29264725AA}.Release|Any CPU.Build.0 = Release|Any CPU
	EndGlobalSection
	GlobalSection(SolutionProperties) = preSolution
		HideSolutionNode = FALSE
	EndGlobalSection
	GlobalSection(ExtensibilityGlobals) = postSolution
		SolutionGuid = {ACED2E1B-4C3F-441E-AEB4-4F5B9DCBA149}
	EndGlobalSection
EndGlobal
